{
  "name": "solidjs001",
  "version": "1.0.0",
  "lockfileVersion": 3,
  "requires": true,
  "packages": {
    "": {
      "name": "solidjs001",
      "version": "1.0.0",
      "license": "ISC",
      "dependencies": {
        "solid-js": "^1.7.1"
      }
    },
    "node_modules/csstype": {
      "version": "3.1.2",
      "resolved": "https://registry.npmjs.org/csstype/-/csstype-3.1.2.tgz",
      "integrity": "sha512-I7K1Uu0MBPzaFKg4nI5Q7Vs2t+3gWWW648spaF+Rg7pI9ds18Ugn+lvg4SHczUdKlHI5LWBXyqfS8+DufyBsgQ=="
    },
    "node_modules/seroval": {
      "version": "0.5.1",
      "resolved": "https://registry.npmjs.org/seroval/-/seroval-0.5.1.tgz",
      "integrity": "sha512-ZfhQVB59hmIauJG5Ydynupy8KHyr5imGNtdDhbZG68Ufh1Ynkv9KOYOAABf71oVbQxJ8VkWnMHAjEHE7fWkH5g==",
      "engines": {
        "node": ">=10"
      }
    },
    "node_modules/solid-js": {
      "version": "1.7.1",
      "resolved": "https://registry.npmjs.org/solid-js/-/solid-js-1.7.1.tgz",
      "integrity": "sha512-G7wPaRsxY+Mr6GTVSHIqrpHoJNM5YHX6V/X03mPo9RmsuVZU6ZA2O+jVJty6mOyGME24WR30E55L0IQsxxO/vg==",
      "dependencies": {
        "csstype": "^3.1.0",
        "seroval": "^0.5.0"
      }
    }
  }
}
